
Microsoft Visual Studio Solution File, Format Version 12.00
# Visual Studio 15
VisualStudioVersion = 15.0.27130.2036
MinimumVisualStudioVersion = 10.0.40219.1
Project("{FAE04EC0-301F-11D3-BF4B-00C04F79EFBC}") = "DataSync", "DataSync\DataSync.csproj", "{9B6140C2-9575-44F9-878C-D68A907A2A3B}"
EndProject
Global
	GlobalSection(SolutionConfigurationPlatforms) = preSolution
		Debug|Any CPU = Debug|Any CPU
		Release|Any CPU = Release|Any CPU
	EndGlobalSection
	GlobalSection(ProjectConfigurationPlatforms) = postSolution
		{9B6140C2-9575-44F9-878C-D68A907A2A3B}.Debug|Any CPU.ActiveCfg = Debug|Any CPU
		{9B6140C2-9575-44F9-878C-D68A907A2A3B}.Debug|Any CPU.Build.0 = Debug|Any CPU
		{9B6140C2-9575-44F9-878C-D68A907A2A3B}.Release|Any CPU.ActiveCfg = Release|Any CPU
		{9B6140C2-9575-44F9-878C-D68A907A2A3B}.Release|Any CPU.Build.0 = Release|Any CPU
	EndGlobalSection
	GlobalSection(SolutionProperties) = preSolution
		HideSolutionNode = FALSE
	EndGlobalSection
	GlobalSection(ExtensibilityGlobals) = postSolution
		SolutionGuid = {F7EE3FD3-7D11-4914-AB45-746635A9133E}
	EndGlobalSection
EndGlobal
